
Microsoft Visual Studio Solution File, Format Version 12.00
# Visual Studio Version 16
VisualStudioVersion = 16.0.31321.278
MinimumVisualStudioVersion = 10.0.40219.1
Project("{FAE04EC0-301F-11D3-BF4B-00C04F79EFBC}") = "todo", "todo\todo.csproj", "{8EE87FFD-1451-4BE1-A8A4-41FBF674C0AF}"
EndProject
Global
	GlobalSection(SolutionConfigurationPlatforms) = preSolution
		Debug|Any CPU = Debug|Any CPU
		Release|Any CPU = Release|Any CPU
	EndGlobalSection
	GlobalSection(ProjectConfigurationPlatforms) = postSolution
		{8EE87FFD-1451-4BE1-A8A4-41FBF674C0AF}.Debug|Any CPU.ActiveCfg = Debug|Any CPU
		{8EE87FFD-1451-4BE1-A8A4-41FBF674C0AF}.Debug|Any CPU.Build.0 = Debug|Any CPU
		{8EE87FFD-1451-4BE1-A8A4-41FBF674C0AF}.Release|Any CPU.ActiveCfg = Release|Any CPU
		{8EE87FFD-1451-4BE1-A8A4-41FBF674C0AF}.Release|Any CPU.Build.0 = Release|Any CPU
	EndGlobalSection
	GlobalSection(SolutionProperties) = preSolution
		HideSolutionNode = FALSE
	EndGlobalSection
	GlobalSection(ExtensibilityGlobals) = postSolution
		SolutionGuid = {CD1E1834-3A19-4541-97CA-E64AF8BC92B2}
	EndGlobalSection
EndGlobal
